dependencies:
  espressif/ds18b20:
    component_hash: 87a753636db56dbb42633b8fdd615c63c5e752ec9c9629e6386d8115f36efc30
    dependencies:
    - name: espressif/onewire_bus
      registry_url: https://components.espressif.com
      require: private
      version: ^1.0.0
    source:
      registry_url: https://components.espressif.com/
      type: service
    version: 0.1.2
  espressif/esp-modbus:
    component_hash: a3db3edf2820121f55a91106bd480af26ba18338c764d242d283fc07b2f94832
    dependencies:
    - name: idf
      require: private
      version: '>=5.0'
    source:
      registry_url: https://components.espressif.com/
      type: service
    version: 2.1.0
  espressif/led_strip:
    component_hash: 28c6509a727ef74925b372ed404772aeedf11cce10b78c3f69b3c66799095e2d
    dependencies:
    - name: idf
      require: private
      version: '>=4.4'
    source:
      registry_url: https://components.espressif.com/
      type: service
    version: 2.5.5
  espressif/mdns:
    component_hash: 3ec0af5f6bce310512e90f482388d21cc7c0e99668172d2f895356165fc6f7c5
    dependencies:
    - name: idf
      require: private
      version: '>=5.0'
    source:
      registry_url: https://components.espressif.com/
      type: service
    version: 1.8.2
  espressif/onewire_bus:
    component_hash: 11729fd9a5de80225177a61e9cd77de91683b8ec300e83710d5327b666dbe884
    dependencies:
    - name: idf
      require: private
      version: '>=5.0'
    source:
      registry_url: https://components.espressif.com/
      type: service
    version: 1.0.4
  idf:
    source:
      type: idf
    version: 6.0.0
  zorxx/dht:
    component_hash: 6a5e699b15509d99b90352694e23beb6646855486eb3bafefd1d50058d474e98
    dependencies: []
    source:
      registry_url: https://components.espressif.com/
      type: service
    version: 1.0.1
direct_dependencies:
- espressif/ds18b20
- espressif/esp-modbus
- espressif/led_strip
- espressif/mdns
- espressif/onewire_bus
- zorxx/dht
manifest_hash: e6b173bfce0cca3b7a7777ce393b5977f84a99be3eea4845ee384244da05f6d8
target: esp32s3
version: 2.0.0
